
Microsoft Visual Studio Solution File, Format Version 12.00
# Visual Studio Version 17
VisualStudioVersion = 17.9.34701.34
MinimumVisualStudioVersion = 10.0.40219.1
Project("{FAE04EC0-301F-11D3-BF4B-00C04F79EFBC}") = "CapturarIngresos", "CapturarIngresos.csproj", "{45E787C9-CC50-48C8-844C-7D523E8A8188}"
EndProject
Global
	GlobalSection(SolutionConfigurationPlatforms) = preSolution
		Debug|Any CPU = Debug|Any CPU
		Release|Any CPU = Release|Any CPU
	EndGlobalSection
	GlobalSection(ProjectConfigurationPlatforms) = postSolution
		{45E787C9-CC50-48C8-844C-7D523E8A8188}.Debug|Any CPU.ActiveCfg = Debug|Any CPU
		{45E787C9-CC50-48C8-844C-7D523E8A8188}.Debug|Any CPU.Build.0 = Debug|Any CPU
		{45E787C9-CC50-48C8-844C-7D523E8A8188}.Release|Any CPU.ActiveCfg = Release|Any CPU
		{45E787C9-CC50-48C8-844C-7D523E8A8188}.Release|Any CPU.Build.0 = Release|Any CPU
	EndGlobalSection
	GlobalSection(SolutionProperties) = preSolution
		HideSolutionNode = FALSE
	EndGlobalSection
	GlobalSection(ExtensibilityGlobals) = postSolution
		SolutionGuid = {431EB847-5537-488E-9ECE-FEAB716CDE1A}
	EndGlobalSection
EndGlobal
